
Microsoft Visual Studio Solution File, Format Version 12.00
# Visual Studio 15
VisualStudioVersion = 15.0.27703.2042
MinimumVisualStudioVersion = 10.0.40219.1
Project("{FAE04EC0-301F-11D3-BF4B-00C04F79EFBC}") = "TodoAngularZelina.Ui", "TodoAngularZelina.Ui\TodoAngularZelina.Ui.csproj", "{E9F577B0-13C9-46EC-B022-E4379A0B140B}"
EndProject
Global
	GlobalSection(SolutionConfigurationPlatforms) = preSolution
		Debug|Any CPU = Debug|Any CPU
		Release|Any CPU = Release|Any CPU
	EndGlobalSection
	GlobalSection(ProjectConfigurationPlatforms) = postSolution
		{E9F577B0-13C9-46EC-B022-E4379A0B140B}.Debug|Any CPU.ActiveCfg = Debug|Any CPU
		{E9F577B0-13C9-46EC-B022-E4379A0B140B}.Debug|Any CPU.Build.0 = Debug|Any CPU
		{E9F577B0-13C9-46EC-B022-E4379A0B140B}.Release|Any CPU.ActiveCfg = Release|Any CPU
		{E9F577B0-13C9-46EC-B022-E4379A0B140B}.Release|Any CPU.Build.0 = Release|Any CPU
	EndGlobalSection
	GlobalSection(SolutionProperties) = preSolution
		HideSolutionNode = FALSE
	EndGlobalSection
	GlobalSection(ExtensibilityGlobals) = postSolution
		SolutionGuid = {66F58C2A-F001-4749-BBD2-DA5AEC1F3C5C}
	EndGlobalSection
EndGlobal
